// !$*UTF8*$!
{
	archiveVersion = 1;
	classes = {
	};
	objectVersion = 46;
	objects = {

/* Begin PBXBuildFile section */
		3FCB02C71D1C405B00C6914D /* AppDelegate.swift in Sources */ = {isa = PBXBuildFile; fileRef = 3FCB02C61D1C405B00C6914D /* AppDelegate.swift */; };
		3FCB02C91D1C405B00C6914D /* ViewController.swift in Sources */ = {isa = PBXBuildFile; fileRef = 3FCB02C81D1C405B00C6914D /* ViewController.swift */; };
		3FCB02CC1D1C405B00C6914D /* Main.storyboard in Resources */ = {isa = PBXBuildFile; fileRef = 3FCB02CA1D1C405B00C6914D /* Main.storyboard */; };
		3FCB02CE1D1C405B00C6914D /* Assets.xcassets in Resources */ = {isa = PBXBuildFile; fileRef = 3FCB02CD1D1C405B00C6914D /* Assets.xcassets */; };
		3FCB02D11D1C405B00C6914D /* LaunchScreen.storyboard in Resources */ = {isa = PBXBuildFile; fileRef = 3FCB02CF1D1C405B00C6914D /* LaunchScreen.storyboard */; };
		3FCB02DC1D1C405C00C6914D /* trivia_gameTests.swift in Sources */ = {isa = PBXBuildFile; fileRef = 3FCB02DB1D1C405C00C6914D /* trivia_gameTests.swift */; };
		3FCB02E71D1C405C00C6914D /* trivia_gameUITests.swift in Sources */ = {isa = PBXBuildFile; fileRef = 3FCB02E61D1C405C00C6914D /* trivia_gameUITests.swift */; };
/* End PBXBuildFile section */

/* Begin PBXContainerItemProxy section */
		3FCB02D81D1C405C00C6914D /* PBXContainerItemProxy */ = {
			isa = PBXContainerItemProxy;
			containerPortal = 3FCB02BB1D1C405B00C6914D /* Project object */;
			proxyType = 1;
			remoteGlobalIDString = 3FCB02C21D1C405B00C6914D;
			remoteInfo = "trivia game";
		};
		3FCB02E31D1C405C00C6914D /* PBXContainerItemProxy */ = {
			isa = PBXContainerItemProxy;
			containerPortal = 3FCB02BB1D1C405B00C6914D /* Project object */;
			proxyType = 1;
			remoteGlobalIDString = 3FCB02C21D1C405B00C6914D;
			remoteInfo = "trivia game";
		};
/* End PBXContainerItemProxy section */

/* Begin PBXFileReference section */
		3FCB02C31D1C405B00C6914D /* trivia game.app */ = {isa = PBXFileReference; explicitFileType = wrapper.application; includeInIndex = 0; path = "trivia game.app"; sourceTree = BUILT_PRODUCTS_DIR; };
		3FCB02C61D1C405B00C6914D /* AppDelegate.swift */ = {isa = PBXFileReference; lastKnownFileType = sourcecode.swift; path = AppDelegate.swift; sourceTree = "<group>"; };
		3FCB02C81D1C405B00C6914D /* ViewController.swift */ = {isa = PBXFileReference; lastKnownFileType = sourcecode.swift; path = ViewController.swift; sourceTree = "<group>"; };
		3FCB02CB1D1C405B00C6914D /* Base */ = {isa = PBXFileReference; lastKnownFileType = file.storyboard; name = Base; path = Base.lproj/Main.storyboard; sourceTree = "<group>"; };
		3FCB02CD1D1C405B00C6914D /* Assets.xcassets */ = {isa = PBXFileReference; lastKnownFileType = folder.assetcatalog; path = Assets.xcassets; sourceTree = "<group>"; };
		3FCB02D01D1C405B00C6914D /* Base */ = {isa = PBXFileReference; lastKnownFileType = file.storyboard; name = Base; path = Base.lproj/LaunchScreen.storyboard; sourceTree = "<group>"; };
		3FCB02D21D1C405B00C6914D /* Info.plist */ = {isa = PBXFileReference; lastKnownFileType = text.plist.xml; path = Info.plist; sourceTree = "<group>"; };
		3FCB02D71D1C405C00C6914D /* trivia gameTests.xctest */ = {isa = PBXFileReference; explicitFileType = wrapper.cfbundle; includeInIndex = 0; path = "trivia gameTests.xctest"; sourceTree = BUILT_PRODUCTS_DIR; };
		3FCB02DB1D1C405C00C6914D /* trivia_gameTests.swift */ = {isa = PBXFileReference; lastKnownFileType = sourcecode.swift; path = trivia_gameTests.swift; sourceTree = "<group>"; };
		3FCB02DD1D1C405C00C6914D /* Info.plist */ = {isa = PBXFileReference; lastKnownFileType = text.plist.xml; path = Info.plist; sourceTree = "<group>"; };
		3FCB02E21D1C405C00C6914D /* trivia gameUITests.xctest */ = {isa = PBXFileReference; explicitFileType = wrapper.cfbundle; includeInIndex = 0; path = "trivia gameUITests.xctest"; sourceTree = BUILT_PRODUCTS_DIR; };
		3FCB02E61D1C405C00C6914D /* trivia_gameUITests.swift */ = {isa = PBXFileReference; lastKnownFileType = sourcecode.swift; path = trivia_gameUITests.swift; sourceTree = "<group>"; };
		3FCB02E81D1C405C00C6914D /* Info.plist */ = {isa = PBXFileReference; lastKnownFileType = text.plist.xml; path = Info.plist; sourceTree = "<group>"; };
/* End PBXFileReference section */

/* Begin PBXFrameworksBuildPhase section */
		3FCB02C01D1C405B00C6914D /* Frameworks */ = {
			isa = PBXFrameworksBuildPhase;
			buildActionMask = 2147483647;
			files = (
			);
			runOnlyForDeploymentPostprocessing = 0;
		};
		3FCB02D41D1C405C00C6914D /* Frameworks */ = {
			isa = PBXFrameworksBuildPhase;
			buildActionMask = 2147483647;
			files = (
			);
			runOnlyForDeploymentPostprocessing = 0;
		};
		3FCB02DF1D1C405C00C6914D /* Frameworks */ = {
			isa = PBXFrameworksBuildPhase;
			buildActionMask = 2147483647;
			files = (
			);
			runOnlyForDeploymentPostprocessing = 0;
		};
/* End PBXFrameworksBuildPhase section */

/* Begin PBXGroup section */
		3FCB02BA1D1C405B00C6914D = {
			isa = PBXGroup;
			children = (
				3FCB02C51D1C405B00C6914D /* trivia game */,
				3FCB02DA1D1C405C00C6914D /* trivia gameTests */,
				3FCB02E51D1C405C00C6914D /* trivia gameUITests */,
				3FCB02C41D1C405B00C6914D /* Products */,
			);
			sourceTree = "<group>";
		};
		3FCB02C41D1C405B00C6914D /* Products */ = {
			isa = PBXGroup;
			children = (
				3FCB02C31D1C405B00C6914D /* trivia game.app */,
				3FCB02D71D1C405C00C6914D /* trivia gameTests.xctest */,
				3FCB02E21D1C405C00C6914D /* trivia gameUITests.xctest */,
			);
			name = Products;
			sourceTree = "<group>";
		};
		3FCB02C51D1C405B00C6914D /* trivia game */ = {
			isa = PBXGroup;
			children = (
				3FCB02C61D1C405B00C6914D /* AppDelegate.swift */,
				3FCB02C81D1C405B00C6914D /* ViewController.swift */,
				3FCB02CA1D1C405B00C6914D /* Main.storyboard */,
				3FCB02CD1D1C405B00C6914D /* Assets.xcassets */,
				3FCB02CF1D1C405B00C6914D /* LaunchScreen.storyboard */,
				3FCB02D21D1C405B00C6914D /* Info.plist */,
			);
			path = "trivia game";
			sourceTree = "<group>";
		};
		3FCB02DA1D1C405C00C6914D /* trivia gameTests */ = {
			isa = PBXGroup;
			children = (
				3FCB02DB1D1C405C00C6914D /* trivia_gameTests.swift */,
				3FCB02DD1D1C405C00C6914D /* Info.plist */,
			);
			path = "trivia gameTests";
			sourceTree = "<group>";
		};
		3FCB02E51D1C405C00C6914D /* trivia gameUITests */ = {
			isa = PBXGroup;
			children = (
				3FCB02E61D1C405C00C6914D /* trivia_gameUITests.swift */,
				3FCB02E81D1C405C00C6914D /* Info.plist */,
			);
			path = "trivia gameUITests";
			sourceTree = "<group>";
		};
/* End PBXGroup section */

/* Begin PBXNativeTarget section */
		3FCB02C21D1C405B00C6914D /* trivia game */ = {
			isa = PBXNativeTarget;
			buildConfigurationList = 3FCB02EB1D1C405C00C6914D /* Build configuration list for PBXNativeTarget "trivia game" */;
			buildPhases = (
				3FCB02BF1D1C405B00C6914D /* Sources */,
				3FCB02C01D1C405B00C6914D /* Frameworks */,
				3FCB02C11D1C405B00C6914D /* Resources */,
			);
			buildRules = (
			);
			dependencies = (
			);
			name = "trivia game";
			productName = "trivia game";
			productReference = 3FCB02C31D1C405B00C6914D /* trivia game.app */;
			productType = "com.apple.product-type.application";
		};
		3FCB02D61D1C405C00C6914D /* trivia gameTests */ = {
			isa = PBXNativeTarget;
			buildConfigurationList = 3FCB02EE1D1C405C00C6914D /* Build configuration list for PBXNativeTarget "trivia gameTests" */;
			buildPhases = (
				3FCB02D31D1C405C00C6914D /* Sources */,
				3FCB02D41D1C405C00C6914D /* Frameworks */,
				3FCB02D51D1C405C00C6914D /* Resources */,
			);
			buildRules = (
			);
			dependencies = (
				3FCB02D91D1C405C00C6914D /* PBXTargetDependency */,
			);
			name = "trivia gameTests";
			productName = "trivia gameTests";
			productReference = 3FCB02D71D1C405C00C6914D /* trivia gameTests.xctest */;
			productType = "com.apple.product-type.bundle.unit-test";
		};
		3FCB02E11D1C405C00C6914D /* trivia gameUITests */ = {
			isa = PBXNativeTarget;
			buildConfigurationList = 3FCB02F11D1C405C00C6914D /* Build configuration list for PBXNativeTarget "trivia gameUITests" */;
			buildPhases = (
				3FCB02DE1D1C405C00C6914D /* Sources */,
				3FCB02DF1D1C405C00C6914D /* Frameworks */,
				3FCB02E01D1C405C00C6914D /* Resources */,
			);
			buildRules = (
			);
			dependencies = (
				3FCB02E41D1C405C00C6914D /* PBXTargetDependency */,
			);
			name = "trivia gameUITests";
			productName = "trivia gameUITests";
			productReference = 3FCB02E21D1C405C00C6914D /* trivia gameUITests.xctest */;
			productType = "com.apple.product-type.bundle.ui-testing";
		};
/* End PBXNativeTarget section */

/* Begin PBXProject section */
		3FCB02BB1D1C405B00C6914D /* Project object */ = {
			isa = PBXProject;
			attributes = {
				LastSwiftUpdateCheck = 0730;
				LastUpgradeCheck = 0730;
				ORGANIZATIONNAME = Student;
				TargetAttributes = {
					3FCB02C21D1C405B00C6914D = {
						CreatedOnToolsVersion = 7.3.1;
					};
					3FCB02D61D1C405C00C6914D = {
						CreatedOnToolsVersion = 7.3.1;
						TestTargetID = 3FCB02C21D1C405B00C6914D;
					};
					3FCB02E11D1C405C00C6914D = {
						CreatedOnToolsVersion = 7.3.1;
						TestTargetID = 3FCB02C21D1C405B00C6914D;
					};
				};
			};
			buildConfigurationList = 3FCB02BE1D1C405B00C6914D /* Build configuration list for PBXProject "trivia game" */;
			compatibilityVersion = "Xcode 3.2";
			developmentRegion = English;
			hasScannedForEncodings = 0;
			knownRegions = (
				en,
				Base,
			);
			mainGroup = 3FCB02BA1D1C405B00C6914D;
			productRefGroup = 3FCB02C41D1C405B00C6914D /* Products */;
			projectDirPath = "";
			projectRoot = "";
			targets = (
				3FCB02C21D1C405B00C6914D /* trivia game */,
				3FCB02D61D1C405C00C6914D /* trivia gameTests */,
				3FCB02E11D1C405C00C6914D /* trivia gameUITests */,
			);
		};
/* End PBXProject section */

/* Begin PBXResourcesBuildPhase section */
		3FCB02C11D1C405B00C6914D /* Resources */ = {
			isa = PBXResourcesBuildPhase;
			buildActionMask = 2147483647;
			files = (
				3FCB02D11D1C405B00C6914D /* LaunchScreen.storyboard in Resources */,
				3FCB02CE1D1C405B00C6914D /* Assets.xcassets in Resources */,
				3FCB02CC1D1C405B00C6914D /* Main.storyboard in Resources */,
			);
			runOnlyForDeploymentPostprocessing = 0;
		};
		3FCB02D51D1C405C00C6914D /* Resources */ = {
			isa = PBXResourcesBuildPhase;
			buildActionMask = 2147483647;
			files = (
			);
			runOnlyForDeploymentPostprocessing = 0;
		};
		3FCB02E01D1C405C00C6914D /* Resources */ = {
			isa = PBXResourcesBuildPhase;
			buildActionMask = 2147483647;
			files = (
			);
			runOnlyForDeploymentPostprocessing = 0;
		};
/* End PBXResourcesBuildPhase section */

/* Begin PBXSourcesBuildPhase section */
		3FCB02BF1D1C405B00C6914D /* Sources */ = {
			isa = PBXSourcesBuildPhase;
			buildActionMask = 2147483647;
			files = (
				3FCB02C91D1C405B00C6914D /* ViewController.swift in Sources */,
				3FCB02C71D1C405B00C6914D /* AppDelegate.swift in Sources */,
			);
			runOnlyForDeploymentPostprocessing = 0;
		};
		3FCB02D31D1C405C00C6914D /* Sources */ = {
			isa = PBXSourcesBuildPhase;
			buildActionMask = 2147483647;
			files = (
				3FCB02DC1D1C405C00C6914D /* trivia_gameTests.swift in Sources */,
			);
			runOnlyForDeploymentPostprocessing = 0;
		};
		3FCB02DE1D1C405C00C6914D /* Sources */ = {
			isa = PBXSourcesBuildPhase;
			buildActionMask = 2147483647;
			files = (
				3FCB02E71D1C405C00C6914D /* trivia_gameUITests.swift in Sources */,
			);
			runOnlyForDeploymentPostprocessing = 0;
		};
/* End PBXSourcesBuildPhase section */

/* Begin PBXTargetDependency section */
		3FCB02D91D1C405C00C6914D /* PBXTargetDependency */ = {
			isa = PBXTargetDependency;
			target = 3FCB02C21D1C405B00C6914D /* trivia game */;
			targetProxy = 3FCB02D81D1C405C00C6914D /* PBXContainerItemProxy */;
		};
		3FCB02E41D1C405C00C6914D /* PBXTargetDependency */ = {
			isa = PBXTargetDependency;
			target = 3FCB02C21D1C405B00C6914D /* trivia game */;
			targetProxy = 3FCB02E31D1C405C00C6914D /* PBXContainerItemProxy */;
		};
/* End PBXTargetDependency section */

/* Begin PBXVariantGroup section */
		3FCB02CA1D1C405B00C6914D /* Main.storyboard */ = {
			isa = PBXVariantGroup;
			children = (
				3FCB02CB1D1C405B00C6914D /* Base */,
			);
			name = Main.storyboard;
			sourceTree = "<group>";
		};
		3FCB02CF1D1C405B00C6914D /* LaunchScreen.storyboard */ = {
			isa = PBXVariantGroup;
			children = (
				3FCB02D01D1C405B00C6914D /* Base */,
			);
			name = LaunchScreen.storyboard;
			sourceTree = "<group>";
		};
/* End PBXVariantGroup section */

/* Begin XCBuildConfiguration section */
		3FCB02E91D1C405C00C6914D /* Debug */ = {
			isa = XCBuildConfiguration;
			buildSettings = {
				ALWAYS_SEARCH_USER_PATHS = NO;
				CLANG_ANALYZER_NONNULL = YES;
				CLANG_CXX_LANGUAGE_STANDARD = "gnu++0x";
				CLANG_CXX_LIBRARY = "libc++";
				CLANG_ENABLE_MODULES = YES;
				CLANG_ENABLE_OBJC_ARC = YES;
				CLANG_WARN_BOOL_CONVERSION = YES;
				CLANG_WARN_CONSTANT_CONVERSION = YES;
				CLANG_WARN_DIRECT_OBJC_ISA_USAGE = YES_ERROR;
				CLANG_WARN_EMPTY_BODY = YES;
				CLANG_WARN_ENUM_CONVERSION = YES;
				CLANG_WARN_INT_CONVERSION = YES;
				CLANG_WARN_OBJC_ROOT_CLASS = YES_ERROR;
				CLANG_WARN_UNREACHABLE_CODE = YES;
				CLANG_WARN__DUPLICATE_METHOD_MATCH = YES;
				"CODE_SIGN_IDENTITY[sdk=iphoneos*]" = "iPhone Developer";
				COPY_PHASE_STRIP = NO;
				DEBUG_INFORMATION_FORMAT = dwarf;
				ENABLE_STRICT_OBJC_MSGSEND = YES;
				ENABLE_TESTABILITY = YES;
				GCC_C_LANGUAGE_STANDARD = gnu99;
				GCC_DYNAMIC_NO_PIC = NO;
				GCC_NO_COMMON_BLOCKS = YES;
				GCC_OPTIMIZATION_LEVEL = 0;
				GCC_PREPROCESSOR_DEFINITIONS = (
					"DEBUG=1",
					"$(inherited)",
				);
				GCC_WARN_64_TO_32_BIT_CONVERSION = YES;
				GCC_WARN_ABOUT_RETURN_TYPE = YES_ERROR;
				GCC_WARN_UNDECLARED_SELECTOR = YES;
				GCC_WARN_UNINITIALIZED_AUTOS = YES_AGGRESSIVE;
				GCC_WARN_UNUSED_FUNCTION = YES;
				GCC_WARN_UNUSED_VARIABLE = YES;
				IPHONEOS_DEPLOYMENT_TARGET = 9.3;
				MTL_ENABLE_DEBUG_INFO = YES;
				ONLY_ACTIVE_ARCH = YES;
				SDKROOT = iphoneos;
				SWIFT_OPTIMIZATION_LEVEL = "-Onone";
			};
			name = Debug;
		};
		3FCB02EA1D1C405C00C6914D /* Release */ = {
			isa = XCBuildConfiguration;
			buildSettings = {
				ALWAYS_SEARCH_USER_PATHS = NO;
				CLANG_ANALYZER_NONNULL = YES;
				CLANG_CXX_LANGUAGE_STANDARD = "gnu++0x";
				CLANG_CXX_LIBRARY = "libc++";
				CLANG_ENABLE_MODULES = YES;
				CLANG_ENABLE_OBJC_ARC = YES;
				CLANG_WARN_BOOL_CONVERSION = YES;
				CLANG_WARN_CONSTANT_CONVERSION = YES;
				CLANG_WARN_DIRECT_OBJC_ISA_USAGE = YES_ERROR;
				CLANG_WARN_EMPTY_BODY = YES;
				CLANG_WARN_ENUM_CONVERSION = YES;
				CLANG_WARN_INT_CONVERSION = YES;
				CLANG_WARN_OBJC_ROOT_CLASS = YES_ERROR;
				CLANG_WARN_UNREACHABLE_CODE = YES;
				CLANG_WARN__DUPLICATE_METHOD_MATCH = YES;
				"CODE_SIGN_IDENTITY[sdk=iphoneos*]" = "iPhone Developer";
				COPY_PHASE_STRIP = NO;
				DEBUG_INFORMATION_FORMAT = "dwarf-with-dsym";
				ENABLE_NS_ASSERTIONS = NO;
				ENABLE_STRICT_OBJC_MSGSEND = YES;
				GCC_C_LANGUAGE_STANDARD = gnu99;
				GCC_NO_COMMON_BLOCKS = YES;
				GCC_WARN_64_TO_32_BIT_CONVERSION = YES;
				GCC_WARN_ABOUT_RETURN_TYPE = YES_ERROR;
				GCC_WARN_UNDECLARED_SELECTOR = YES;
				GCC_WARN_UNINITIALIZED_AUTOS = YES_AGGRESSIVE;
				GCC_WARN_UNUSED_FUNCTION = YES;
				GCC_WARN_UNUSED_VARIABLE = YES;
				IPHONEOS_DEPLOYMENT_TARGET = 9.3;
				MTL_ENABLE_DEBUG_INFO = NO;
				SDKROOT = iphoneos;
				VALIDATE_PRODUCT = YES;
			};
			name = Release;
		};
		3FCB02EC1D1C405C00C6914D /* Debug */ = {
			isa = XCBuildConfiguration;
			buildSettings = {
				ASSETCATALOG_COMPILER_APPICON_NAME = AppIcon;
				INFOPLIST_FILE = "trivia game/Info.plist";
				LD_RUNPATH_SEARCH_PATHS = "$(inherited) @executable_path/Frameworks";
				PRODUCT_BUNDLE_IDENTIFIER = "digitalmediaacademy.trivia-game";
				PRODUCT_NAME = "$(TARGET_NAME)";
			};
			name = Debug;
		};
		3FCB02ED1D1C405C00C6914D /* Release */ = {
			isa = XCBuildConfiguration;
			buildSettings = {
				ASSETCATALOG_COMPILER_APPICON_NAME = AppIcon;
				INFOPLIST_FILE = "trivia game/Info.plist";
				LD_RUNPATH_SEARCH_PATHS = "$(inherited) @executable_path/Frameworks";
				PRODUCT_BUNDLE_IDENTIFIER = "digitalmediaacademy.trivia-game";
				PRODUCT_NAME = "$(TARGET_NAME)";
			};
			name = Release;
		};
		3FCB02EF1D1C405C00C6914D /* Debug */ = {
			isa = XCBuildConfiguration;
			buildSettings = {
				BUNDLE_LOADER = "$(TEST_HOST)";
				INFOPLIST_FILE = "trivia gameTests/Info.plist";
				LD_RUNPATH_SEARCH_PATHS = "$(inherited) @executable_path/Frameworks @loader_path/Frameworks";
				PRODUCT_BUNDLE_IDENTIFIER = "digitalmediaacademy.trivia-gameTests";
				PRODUCT_NAME = "$(TARGET_NAME)";
				TEST_HOST = "$(BUILT_PRODUCTS_DIR)/trivia game.app/trivia game";
			};
			name = Debug;
		};
		3FCB02F01D1C405C00C6914D /* Release */ = {
			isa = XCBuildConfiguration;
			buildSettings = {
				BUNDLE_LOADER = "$(TEST_HOST)";
				INFOPLIST_FILE = "trivia gameTests/Info.plist";
				LD_RUNPATH_SEARCH_PATHS = "$(inherited) @executable_path/Frameworks @loader_path/Frameworks";
				PRODUCT_BUNDLE_IDENTIFIER = "digitalmediaacademy.trivia-gameTests";
				PRODUCT_NAME = "$(TARGET_NAME)";
				TEST_HOST = "$(BUILT_PRODUCTS_DIR)/trivia game.app/trivia game";
			};
			name = Release;
		};
		3FCB02F21D1C405C00C6914D /* Debug */ = {
			isa = XCBuildConfiguration;
			buildSettings = {
				INFOPLIST_FILE = "trivia gameUITests/Info.plist";
				LD_RUNPATH_SEARCH_PATHS = "$(inherited) @executable_path/Frameworks @loader_path/Frameworks";
				PRODUCT_BUNDLE_IDENTIFIER = "digitalmediaacademy.trivia-gameUITests";
				PRODUCT_NAME = "$(TARGET_NAME)";
				TEST_TARGET_NAME = "trivia game";
			};
			name = Debug;
		};
		3FCB02F31D1C405C00C6914D /* Release */ = {
			isa = XCBuildConfiguration;
			buildSettings = {
				INFOPLIST_FILE = "trivia gameUITests/Info.plist";
				LD_RUNPATH_SEARCH_PATHS = "$(inherited) @executable_path/Frameworks @loader_path/Frameworks";
				PRODUCT_BUNDLE_IDENTIFIER = "digitalmediaacademy.trivia-gameUITests";
				PRODUCT_NAME = "$(TARGET_NAME)";
				TEST_TARGET_NAME = "trivia game";
			};
			name = Release;
		};
/* End XCBuildConfiguration section */

/* Begin XCConfigurationList section */
		3FCB02BE1D1C405B00C6914D /* Build configuration list for PBXProject "trivia game" */ = {
			isa = XCConfigurationList;
			buildConfigurations = (
				3FCB02E91D1C405C00C6914D /* Debug */,
				3FCB02EA1D1C405C00C6914D /* Release */,
			);
			defaultConfigurationIsVisible = 0;
			defaultConfigurationName = Release;
		};
		3FCB02EB1D1C405C00C6914D /* Build configuration list for PBXNativeTarget "trivia game" */ = {
			isa = XCConfigurationList;
			buildConfigurations = (
				3FCB02EC1D1C405C00C6914D /* Debug */,
				3FCB02ED1D1C405C00C6914D /* Release */,
			);
			defaultConfigurationIsVisible = 0;
		};
		3FCB02EE1D1C405C00C6914D /* Build configuration list for PBXNativeTarget "trivia gameTests" */ = {
			isa = XCConfigurationList;
			buildConfigurations = (
				3FCB02EF1D1C405C00C6914D /* Debug */,
				3FCB02F01D1C405C00C6914D /* Release */,
			);
			defaultConfigurationIsVisible = 0;
		};
		3FCB02F11D1C405C00C6914D /* Build configuration list for PBXNativeTarget "trivia gameUITests" */ = {
			isa = XCConfigurationList;
			buildConfigurations = (
				3FCB02F21D1C405C00C6914D /* Debug */,
				3FCB02F31D1C405C00C6914D /* Release */,
			);
			defaultConfigurationIsVisible = 0;
		};
/* End XCConfigurationList section */
	};
	rootObject = 3FCB02BB1D1C405B00C6914D /* Project object */;
}
